
Microsoft Visual Studio Solution File, Format Version 12.00
# Visual Studio Version 17
VisualStudioVersion = 17.14.36221.1
MinimumVisualStudioVersion = 10.0.40219.1
Project("{8BC9CEB8-8B4A-11D0-8D11-00A0C91BC942}") = "p54", "p54\p54.vcxproj", "{28EE96D9-05A2-4173-999C-4C345FB26BA8}"
EndProject
Project("{8BC9CEB8-8B4A-11D0-8D11-00A0C91BC942}") = "p65", "p65\p65.vcxproj", "{196E66A4-39FF-471E-B83D-80BD21C77019}"
EndProject
Project("{8BC9CEB8-8B4A-11D0-8D11-00A0C91BC942}") = "p75", "p75\p75.vcxproj", "{3B5383E1-8DE5-41CC-A152-216563A9FD46}"
EndProject
Project("{8BC9CEB8-8B4A-11D0-8D11-00A0C91BC942}") = "p76", "p76\p76.vcxproj", "{79C0D604-8B0C-4DC8-BB8A-51D516745422}"
EndProject
Project("{8BC9CEB8-8B4A-11D0-8D11-00A0C91BC942}") = "p103", "p103\p103.vcxproj", "{30B27B10-CBC0-4B85-966A-4486E905EB9D}"
EndProject
Project("{8BC9CEB8-8B4A-11D0-8D11-00A0C91BC942}") = "p106", "p106\p106.vcxproj", "{3BF66A6E-3683-4EDE-9EBD-342041FEF18C}"
EndProject
Project("{8BC9CEB8-8B4A-11D0-8D11-00A0C91BC942}") = "p128", "p128\p128.vcxproj", "{9A97CE80-0DFE-4F81-B49E-2707A7D78B1E}"
EndProject
Project("{8BC9CEB8-8B4A-11D0-8D11-00A0C91BC942}") = "p140", "p140\p140.vcxproj", "{867D901D-4EFB-44E0-BFC1-F1C8E71B3C06}"
EndProject
Project("{8BC9CEB8-8B4A-11D0-8D11-00A0C91BC942}") = "p160", "p160\p160.vcxproj", "{4D659913-1201-4B96-9EFB-68515BC15F56}"
EndProject
Project("{8BC9CEB8-8B4A-11D0-8D11-00A0C91BC942}") = "p161", "p161\p161.vcxproj", "{68DBB0B5-72C7-48DA-BA66-17E300E88CF5}"
EndProject
Project("{8BC9CEB8-8B4A-11D0-8D11-00A0C91BC942}") = "p178", "p178\p178.vcxproj", "{78D3577E-7D13-4055-968B-45FAA05BFD61}"
EndProject
Project("{8BC9CEB8-8B4A-11D0-8D11-00A0C91BC942}") = "p183", "p183\p183.vcxproj", "{9E8F79AF-1547-4077-BDD0-90ECEEC415CD}"
EndProject
Project("{8BC9CEB8-8B4A-11D0-8D11-00A0C91BC942}") = "p193", "p193\p193.vcxproj", "{65C36AE7-51E6-4673-8C70-303D0108DF0A}"
EndProject
Project("{8BC9CEB8-8B4A-11D0-8D11-00A0C91BC942}") = "p224", "p224\p224.vcxproj", "{73B52E4F-CDA5-4708-A065-72A7FE883E0E}"
EndProject
Project("{8BC9CEB8-8B4A-11D0-8D11-00A0C91BC942}") = "p322", "p322\p322.vcxproj", "{069F5F62-A4B0-49F9-99C3-4E997BA76178}"
EndProject
Project("{8BC9CEB8-8B4A-11D0-8D11-00A0C91BC942}") = "p335", "335\335.vcxproj", "{FB25B99C-5AC7-4424-AFD3-E9398BCA5188}"
EndProject
Project("{8BC9CEB8-8B4A-11D0-8D11-00A0C91BC942}") = "p379", "p379\p379.vcxproj", "{91148F73-9CEC-4554-8331-9455C276ADA4}"
EndProject
Project("{8BC9CEB8-8B4A-11D0-8D11-00A0C91BC942}") = "p379-1", "p379-1\p379-1.vcxproj", "{143F7FB3-DFEF-4D3D-947A-6E4773F2B2F6}"
EndProject
Project("{8BC9CEB8-8B4A-11D0-8D11-00A0C91BC942}") = "p494", "p494\p494.vcxproj", "{D38FA8D9-75CD-45FF-B645-8CDDCD4DCD27}"
EndProject
Project("{8BC9CEB8-8B4A-11D0-8D11-00A0C91BC942}") = "Animal", "Animal\Animal.vcxproj", "{6447D674-E85F-485E-AC99-7B3003B9B005}"
EndProject
Project("{8BC9CEB8-8B4A-11D0-8D11-00A0C91BC942}") = "p502", "p502\p502.vcxproj", "{3A92AA2E-5247-4926-841D-C1F7A9F89A2D}"
EndProject
Project("{8BC9CEB8-8B4A-11D0-8D11-00A0C91BC942}") = "p568", "p568\p568.vcxproj", "{6B6EEBB0-3687-47DF-87DD-E15FC43B57E6}"
EndProject
Project("{8BC9CEB8-8B4A-11D0-8D11-00A0C91BC942}") = "p569", "p569\p569.vcxproj", "{B6ED9C39-C5AA-4093-B178-3F846BDC6B6F}"
EndProject
Global
	GlobalSection(SolutionConfigurationPlatforms) = preSolution
		Debug|x64 = Debug|x64
		Debug|x86 = Debug|x86
		Release|x64 = Release|x64
		Release|x86 = Release|x86
	EndGlobalSection
	GlobalSection(ProjectConfigurationPlatforms) = postSolution
		{28EE96D9-05A2-4173-999C-4C345FB26BA8}.Debug|x64.ActiveCfg = Debug|x64
		{28EE96D9-05A2-4173-999C-4C345FB26BA8}.Debug|x64.Build.0 = Debug|x64
		{28EE96D9-05A2-4173-999C-4C345FB26BA8}.Debug|x86.ActiveCfg = Debug|Win32
		{28EE96D9-05A2-4173-999C-4C345FB26BA8}.Debug|x86.Build.0 = Debug|Win32
		{28EE96D9-05A2-4173-999C-4C345FB26BA8}.Release|x64.ActiveCfg = Release|x64
		{28EE96D9-05A2-4173-999C-4C345FB26BA8}.Release|x64.Build.0 = Release|x64
		{28EE96D9-05A2-4173-999C-4C345FB26BA8}.Release|x86.ActiveCfg = Release|Win32
		{28EE96D9-05A2-4173-999C-4C345FB26BA8}.Release|x86.Build.0 = Release|Win32
		{196E66A4-39FF-471E-B83D-80BD21C77019}.Debug|x64.ActiveCfg = Debug|x64
		{196E66A4-39FF-471E-B83D-80BD21C77019}.Debug|x64.Build.0 = Debug|x64
		{196E66A4-39FF-471E-B83D-80BD21C77019}.Debug|x86.ActiveCfg = Debug|Win32
		{196E66A4-39FF-471E-B83D-80BD21C77019}.Debug|x86.Build.0 = Debug|Win32
		{196E66A4-39FF-471E-B83D-80BD21C77019}.Release|x64.ActiveCfg = Release|x64
		{196E66A4-39FF-471E-B83D-80BD21C77019}.Release|x64.Build.0 = Release|x64
		{196E66A4-39FF-471E-B83D-80BD21C77019}.Release|x86.ActiveCfg = Release|Win32
		{196E66A4-39FF-471E-B83D-80BD21C77019}.Release|x86.Build.0 = Release|Win32
		{3B5383E1-8DE5-41CC-A152-216563A9FD46}.Debug|x64.ActiveCfg = Debug|x64
		{3B5383E1-8DE5-41CC-A152-216563A9FD46}.Debug|x64.Build.0 = Debug|x64
		{3B5383E1-8DE5-41CC-A152-216563A9FD46}.Debug|x86.ActiveCfg = Debug|Win32
		{3B5383E1-8DE5-41CC-A152-216563A9FD46}.Debug|x86.Build.0 = Debug|Win32
		{3B5383E1-8DE5-41CC-A152-216563A9FD46}.Release|x64.ActiveCfg = Release|x64
		{3B5383E1-8DE5-41CC-A152-216563A9FD46}.Release|x64.Build.0 = Release|x64
		{3B5383E1-8DE5-41CC-A152-216563A9FD46}.Release|x86.ActiveCfg = Release|Win32
		{3B5383E1-8DE5-41CC-A152-216563A9FD46}.Release|x86.Build.0 = Release|Win32
		{79C0D604-8B0C-4DC8-BB8A-51D516745422}.Debug|x64.ActiveCfg = Debug|x64
		{79C0D604-8B0C-4DC8-BB8A-51D516745422}.Debug|x64.Build.0 = Debug|x64
		{79C0D604-8B0C-4DC8-BB8A-51D516745422}.Debug|x86.ActiveCfg = Debug|Win32
		{79C0D604-8B0C-4DC8-BB8A-51D516745422}.Debug|x86.Build.0 = Debug|Win32
		{79C0D604-8B0C-4DC8-BB8A-51D516745422}.Release|x64.ActiveCfg = Release|x64
		{79C0D604-8B0C-4DC8-BB8A-51D516745422}.Release|x64.Build.0 = Release|x64
		{79C0D604-8B0C-4DC8-BB8A-51D516745422}.Release|x86.ActiveCfg = Release|Win32
		{79C0D604-8B0C-4DC8-BB8A-51D516745422}.Release|x86.Build.0 = Release|Win32
		{30B27B10-CBC0-4B85-966A-4486E905EB9D}.Debug|x64.ActiveCfg = Debug|x64
		{30B27B10-CBC0-4B85-966A-4486E905EB9D}.Debug|x64.Build.0 = Debug|x64
		{30B27B10-CBC0-4B85-966A-4486E905EB9D}.Debug|x86.ActiveCfg = Debug|Win32
		{30B27B10-CBC0-4B85-966A-4486E905EB9D}.Debug|x86.Build.0 = Debug|Win32
		{30B27B10-CBC0-4B85-966A-4486E905EB9D}.Release|x64.ActiveCfg = Release|x64
		{30B27B10-CBC0-4B85-966A-4486E905EB9D}.Release|x64.Build.0 = Release|x64
		{30B27B10-CBC0-4B85-966A-4486E905EB9D}.Release|x86.ActiveCfg = Release|Win32
		{30B27B10-CBC0-4B85-966A-4486E905EB9D}.Release|x86.Build.0 = Release|Win32
		{3BF66A6E-3683-4EDE-9EBD-342041FEF18C}.Debug|x64.ActiveCfg = Debug|x64
		{3BF66A6E-3683-4EDE-9EBD-342041FEF18C}.Debug|x64.Build.0 = Debug|x64
		{3BF66A6E-3683-4EDE-9EBD-342041FEF18C}.Debug|x86.ActiveCfg = Debug|Win32
		{3BF66A6E-3683-4EDE-9EBD-342041FEF18C}.Debug|x86.Build.0 = Debug|Win32
		{3BF66A6E-3683-4EDE-9EBD-342041FEF18C}.Release|x64.ActiveCfg = Release|x64
		{3BF66A6E-3683-4EDE-9EBD-342041FEF18C}.Release|x64.Build.0 = Release|x64
		{3BF66A6E-3683-4EDE-9EBD-342041FEF18C}.Release|x86.ActiveCfg = Release|Win32
		{3BF66A6E-3683-4EDE-9EBD-342041FEF18C}.Release|x86.Build.0 = Release|Win32
		{9A97CE80-0DFE-4F81-B49E-2707A7D78B1E}.Debug|x64.ActiveCfg = Debug|x64
		{9A97CE80-0DFE-4F81-B49E-2707A7D78B1E}.Debug|x64.Build.0 = Debug|x64
		{9A97CE80-0DFE-4F81-B49E-2707A7D78B1E}.Debug|x86.ActiveCfg = Debug|Win32
		{9A97CE80-0DFE-4F81-B49E-2707A7D78B1E}.Debug|x86.Build.0 = Debug|Win32
		{9A97CE80-0DFE-4F81-B49E-2707A7D78B1E}.Release|x64.ActiveCfg = Release|x64
		{9A97CE80-0DFE-4F81-B49E-2707A7D78B1E}.Release|x64.Build.0 = Release|x64
		{9A97CE80-0DFE-4F81-B49E-2707A7D78B1E}.Release|x86.ActiveCfg = Release|Win32
		{9A97CE80-0DFE-4F81-B49E-2707A7D78B1E}.Release|x86.Build.0 = Release|Win32
		{867D901D-4EFB-44E0-BFC1-F1C8E71B3C06}.Debug|x64.ActiveCfg = Debug|x64
		{867D901D-4EFB-44E0-BFC1-F1C8E71B3C06}.Debug|x64.Build.0 = Debug|x64
		{867D901D-4EFB-44E0-BFC1-F1C8E71B3C06}.Debug|x86.ActiveCfg = Debug|Win32
		{867D901D-4EFB-44E0-BFC1-F1C8E71B3C06}.Debug|x86.Build.0 = Debug|Win32
		{867D901D-4EFB-44E0-BFC1-F1C8E71B3C06}.Release|x64.ActiveCfg = Release|x64
		{867D901D-4EFB-44E0-BFC1-F1C8E71B3C06}.Release|x64.Build.0 = Release|x64
		{867D901D-4EFB-44E0-BFC1-F1C8E71B3C06}.Release|x86.ActiveCfg = Release|Win32
		{867D901D-4EFB-44E0-BFC1-F1C8E71B3C06}.Release|x86.Build.0 = Release|Win32
		{4D659913-1201-4B96-9EFB-68515BC15F56}.Debug|x64.ActiveCfg = Debug|x64
		{4D659913-1201-4B96-9EFB-68515BC15F56}.Debug|x64.Build.0 = Debug|x64
		{4D659913-1201-4B96-9EFB-68515BC15F56}.Debug|x86.ActiveCfg = Debug|Win32
		{4D659913-1201-4B96-9EFB-68515BC15F56}.Debug|x86.Build.0 = Debug|Win32
		{4D659913-1201-4B96-9EFB-68515BC15F56}.Release|x64.ActiveCfg = Release|x64
		{4D659913-1201-4B96-9EFB-68515BC15F56}.Release|x64.Build.0 = Release|x64
		{4D659913-1201-4B96-9EFB-68515BC15F56}.Release|x86.ActiveCfg = Release|Win32
		{4D659913-1201-4B96-9EFB-68515BC15F56}.Release|x86.Build.0 = Release|Win32
		{68DBB0B5-72C7-48DA-BA66-17E300E88CF5}.Debug|x64.ActiveCfg = Debug|x64
		{68DBB0B5-72C7-48DA-BA66-17E300E88CF5}.Debug|x64.Build.0 = Debug|x64
		{68DBB0B5-72C7-48DA-BA66-17E300E88CF5}.Debug|x86.ActiveCfg = Debug|Win32
		{68DBB0B5-72C7-48DA-BA66-17E300E88CF5}.Debug|x86.Build.0 = Debug|Win32
		{68DBB0B5-72C7-48DA-BA66-17E300E88CF5}.Release|x64.ActiveCfg = Release|x64
		{68DBB0B5-72C7-48DA-BA66-17E300E88CF5}.Release|x64.Build.0 = Release|x64
		{68DBB0B5-72C7-48DA-BA66-17E300E88CF5}.Release|x86.ActiveCfg = Release|Win32
		{68DBB0B5-72C7-48DA-BA66-17E300E88CF5}.Release|x86.Build.0 = Release|Win32
		{78D3577E-7D13-4055-968B-45FAA05BFD61}.Debug|x64.ActiveCfg = Debug|x64
		{78D3577E-7D13-4055-968B-45FAA05BFD61}.Debug|x64.Build.0 = Debug|x64
		{78D3577E-7D13-4055-968B-45FAA05BFD61}.Debug|x86.ActiveCfg = Debug|Win32
		{78D3577E-7D13-4055-968B-45FAA05BFD61}.Debug|x86.Build.0 = Debug|Win32
		{78D3577E-7D13-4055-968B-45FAA05BFD61}.Release|x64.ActiveCfg = Release|x64
		{78D3577E-7D13-4055-968B-45FAA05BFD61}.Release|x64.Build.0 = Release|x64
		{78D3577E-7D13-4055-968B-45FAA05BFD61}.Release|x86.ActiveCfg = Release|Win32
		{78D3577E-7D13-4055-968B-45FAA05BFD61}.Release|x86.Build.0 = Release|Win32
		{9E8F79AF-1547-4077-BDD0-90ECEEC415CD}.Debug|x64.ActiveCfg = Debug|x64
		{9E8F79AF-1547-4077-BDD0-90ECEEC415CD}.Debug|x64.Build.0 = Debug|x64
		{9E8F79AF-1547-4077-BDD0-90ECEEC415CD}.Debug|x86.ActiveCfg = Debug|Win32
		{9E8F79AF-1547-4077-BDD0-90ECEEC415CD}.Debug|x86.Build.0 = Debug|Win32
		{9E8F79AF-1547-4077-BDD0-90ECEEC415CD}.Release|x64.ActiveCfg = Release|x64
		{9E8F79AF-1547-4077-BDD0-90ECEEC415CD}.Release|x64.Build.0 = Release|x64
		{9E8F79AF-1547-4077-BDD0-90ECEEC415CD}.Release|x86.ActiveCfg = Release|Win32
		{9E8F79AF-1547-4077-BDD0-90ECEEC415CD}.Release|x86.Build.0 = Release|Win32
		{65C36AE7-51E6-4673-8C70-303D0108DF0A}.Debug|x64.ActiveCfg = Debug|x64
		{65C36AE7-51E6-4673-8C70-303D0108DF0A}.Debug|x64.Build.0 = Debug|x64
		{65C36AE7-51E6-4673-8C70-303D0108DF0A}.Debug|x86.ActiveCfg = Debug|Win32
		{65C36AE7-51E6-4673-8C70-303D0108DF0A}.Debug|x86.Build.0 = Debug|Win32
		{65C36AE7-51E6-4673-8C70-303D0108DF0A}.Release|x64.ActiveCfg = Release|x64
		{65C36AE7-51E6-4673-8C70-303D0108DF0A}.Release|x64.Build.0 = Release|x64
		{65C36AE7-51E6-4673-8C70-303D0108DF0A}.Release|x86.ActiveCfg = Release|Win32
		{65C36AE7-51E6-4673-8C70-303D0108DF0A}.Release|x86.Build.0 = Release|Win32
		{73B52E4F-CDA5-4708-A065-72A7FE883E0E}.Debug|x64.ActiveCfg = Debug|x64
		{73B52E4F-CDA5-4708-A065-72A7FE883E0E}.Debug|x64.Build.0 = Debug|x64
		{73B52E4F-CDA5-4708-A065-72A7FE883E0E}.Debug|x86.ActiveCfg = Debug|Win32
		{73B52E4F-CDA5-4708-A065-72A7FE883E0E}.Debug|x86.Build.0 = Debug|Win32
		{73B52E4F-CDA5-4708-A065-72A7FE883E0E}.Release|x64.ActiveCfg = Release|x64
		{73B52E4F-CDA5-4708-A065-72A7FE883E0E}.Release|x64.Build.0 = Release|x64
		{73B52E4F-CDA5-4708-A065-72A7FE883E0E}.Release|x86.ActiveCfg = Release|Win32
		{73B52E4F-CDA5-4708-A065-72A7FE883E0E}.Release|x86.Build.0 = Release|Win32
		{069F5F62-A4B0-49F9-99C3-4E997BA76178}.Debug|x64.ActiveCfg = Debug|x64
		{069F5F62-A4B0-49F9-99C3-4E997BA76178}.Debug|x64.Build.0 = Debug|x64
		{069F5F62-A4B0-49F9-99C3-4E997BA76178}.Debug|x86.ActiveCfg = Debug|Win32
		{069F5F62-A4B0-49F9-99C3-4E997BA76178}.Debug|x86.Build.0 = Debug|Win32
		{069F5F62-A4B0-49F9-99C3-4E997BA76178}.Release|x64.ActiveCfg = Release|x64
		{069F5F62-A4B0-49F9-99C3-4E997BA76178}.Release|x64.Build.0 = Release|x64
		{069F5F62-A4B0-49F9-99C3-4E997BA76178}.Release|x86.ActiveCfg = Release|Win32
		{069F5F62-A4B0-49F9-99C3-4E997BA76178}.Release|x86.Build.0 = Release|Win32
		{FB25B99C-5AC7-4424-AFD3-E9398BCA5188}.Debug|x64.ActiveCfg = Debug|x64
		{FB25B99C-5AC7-4424-AFD3-E9398BCA5188}.Debug|x64.Build.0 = Debug|x64
		{FB25B99C-5AC7-4424-AFD3-E9398BCA5188}.Debug|x86.ActiveCfg = Debug|Win32
		{FB25B99C-5AC7-4424-AFD3-E9398BCA5188}.Debug|x86.Build.0 = Debug|Win32
		{FB25B99C-5AC7-4424-AFD3-E9398BCA5188}.Release|x64.ActiveCfg = Release|x64
		{FB25B99C-5AC7-4424-AFD3-E9398BCA5188}.Release|x64.Build.0 = Release|x64
		{FB25B99C-5AC7-4424-AFD3-E9398BCA5188}.Release|x86.ActiveCfg = Release|Win32
		{FB25B99C-5AC7-4424-AFD3-E9398BCA5188}.Release|x86.Build.0 = Release|Win32
		{91148F73-9CEC-4554-8331-9455C276ADA4}.Debug|x64.ActiveCfg = Debug|x64
		{91148F73-9CEC-4554-8331-9455C276ADA4}.Debug|x64.Build.0 = Debug|x64
		{91148F73-9CEC-4554-8331-9455C276ADA4}.Debug|x86.ActiveCfg = Debug|Win32
		{91148F73-9CEC-4554-8331-9455C276ADA4}.Debug|x86.Build.0 = Debug|Win32
		{91148F73-9CEC-4554-8331-9455C276ADA4}.Release|x64.ActiveCfg = Release|x64
		{91148F73-9CEC-4554-8331-9455C276ADA4}.Release|x64.Build.0 = Release|x64
		{91148F73-9CEC-4554-8331-9455C276ADA4}.Release|x86.ActiveCfg = Release|Win32
		{91148F73-9CEC-4554-8331-9455C276ADA4}.Release|x86.Build.0 = Release|Win32
		{143F7FB3-DFEF-4D3D-947A-6E4773F2B2F6}.Debug|x64.ActiveCfg = Debug|x64
		{143F7FB3-DFEF-4D3D-947A-6E4773F2B2F6}.Debug|x64.Build.0 = Debug|x64
		{143F7FB3-DFEF-4D3D-947A-6E4773F2B2F6}.Debug|x86.ActiveCfg = Debug|Win32
		{143F7FB3-DFEF-4D3D-947A-6E4773F2B2F6}.Debug|x86.Build.0 = Debug|Win32
		{143F7FB3-DFEF-4D3D-947A-6E4773F2B2F6}.Release|x64.ActiveCfg = Release|x64
		{143F7FB3-DFEF-4D3D-947A-6E4773F2B2F6}.Release|x64.Build.0 = Release|x64
		{143F7FB3-DFEF-4D3D-947A-6E4773F2B2F6}.Release|x86.ActiveCfg = Release|Win32
		{143F7FB3-DFEF-4D3D-947A-6E4773F2B2F6}.Release|x86.Build.0 = Release|Win32
		{D38FA8D9-75CD-45FF-B645-8CDDCD4DCD27}.Debug|x64.ActiveCfg = Debug|x64
		{D38FA8D9-75CD-45FF-B645-8CDDCD4DCD27}.Debug|x64.Build.0 = Debug|x64
		{D38FA8D9-75CD-45FF-B645-8CDDCD4DCD27}.Debug|x86.ActiveCfg = Debug|Win32
		{D38FA8D9-75CD-45FF-B645-8CDDCD4DCD27}.Debug|x86.Build.0 = Debug|Win32
		{D38FA8D9-75CD-45FF-B645-8CDDCD4DCD27}.Release|x64.ActiveCfg = Release|x64
		{D38FA8D9-75CD-45FF-B645-8CDDCD4DCD27}.Release|x64.Build.0 = Release|x64
		{D38FA8D9-75CD-45FF-B645-8CDDCD4DCD27}.Release|x86.ActiveCfg = Release|Win32
		{D38FA8D9-75CD-45FF-B645-8CDDCD4DCD27}.Release|x86.Build.0 = Release|Win32
		{6447D674-E85F-485E-AC99-7B3003B9B005}.Debug|x64.ActiveCfg = Debug|x64
		{6447D674-E85F-485E-AC99-7B3003B9B005}.Debug|x64.Build.0 = Debug|x64
		{6447D674-E85F-485E-AC99-7B3003B9B005}.Debug|x86.ActiveCfg = Debug|Win32
		{6447D674-E85F-485E-AC99-7B3003B9B005}.Debug|x86.Build.0 = Debug|Win32
		{6447D674-E85F-485E-AC99-7B3003B9B005}.Release|x64.ActiveCfg = Release|x64
		{6447D674-E85F-485E-AC99-7B3003B9B005}.Release|x64.Build.0 = Release|x64
		{6447D674-E85F-485E-AC99-7B3003B9B005}.Release|x86.ActiveCfg = Release|Win32
		{6447D674-E85F-485E-AC99-7B3003B9B005}.Release|x86.Build.0 = Release|Win32
		{3A92AA2E-5247-4926-841D-C1F7A9F89A2D}.Debug|x64.ActiveCfg = Debug|x64
		{3A92AA2E-5247-4926-841D-C1F7A9F89A2D}.Debug|x64.Build.0 = Debug|x64
		{3A92AA2E-5247-4926-841D-C1F7A9F89A2D}.Debug|x86.ActiveCfg = Debug|Win32
		{3A92AA2E-5247-4926-841D-C1F7A9F89A2D}.Debug|x86.Build.0 = Debug|Win32
		{3A92AA2E-5247-4926-841D-C1F7A9F89A2D}.Release|x64.ActiveCfg = Release|x64
		{3A92AA2E-5247-4926-841D-C1F7A9F89A2D}.Release|x64.Build.0 = Release|x64
		{3A92AA2E-5247-4926-841D-C1F7A9F89A2D}.Release|x86.ActiveCfg = Release|Win32
		{3A92AA2E-5247-4926-841D-C1F7A9F89A2D}.Release|x86.Build.0 = Release|Win32
		{6B6EEBB0-3687-47DF-87DD-E15FC43B57E6}.Debug|x64.ActiveCfg = Debug|x64
		{6B6EEBB0-3687-47DF-87DD-E15FC43B57E6}.Debug|x64.Build.0 = Debug|x64
		{6B6EEBB0-3687-47DF-87DD-E15FC43B57E6}.Debug|x86.ActiveCfg = Debug|Win32
		{6B6EEBB0-3687-47DF-87DD-E15FC43B57E6}.Debug|x86.Build.0 = Debug|Win32
		{6B6EEBB0-3687-47DF-87DD-E15FC43B57E6}.Release|x64.ActiveCfg = Release|x64
		{6B6EEBB0-3687-47DF-87DD-E15FC43B57E6}.Release|x64.Build.0 = Release|x64
		{6B6EEBB0-3687-47DF-87DD-E15FC43B57E6}.Release|x86.ActiveCfg = Release|Win32
		{6B6EEBB0-3687-47DF-87DD-E15FC43B57E6}.Release|x86.Build.0 = Release|Win32
		{B6ED9C39-C5AA-4093-B178-3F846BDC6B6F}.Debug|x64.ActiveCfg = Debug|x64
		{B6ED9C39-C5AA-4093-B178-3F846BDC6B6F}.Debug|x64.Build.0 = Debug|x64
		{B6ED9C39-C5AA-4093-B178-3F846BDC6B6F}.Debug|x86.ActiveCfg = Debug|Win32
		{B6ED9C39-C5AA-4093-B178-3F846BDC6B6F}.Debug|x86.Build.0 = Debug|Win32
		{B6ED9C39-C5AA-4093-B178-3F846BDC6B6F}.Release|x64.ActiveCfg = Release|x64
		{B6ED9C39-C5AA-4093-B178-3F846BDC6B6F}.Release|x64.Build.0 = Release|x64
		{B6ED9C39-C5AA-4093-B178-3F846BDC6B6F}.Release|x86.ActiveCfg = Release|Win32
		{B6ED9C39-C5AA-4093-B178-3F846BDC6B6F}.Release|x86.Build.0 = Release|Win32
	EndGlobalSection
	GlobalSection(SolutionProperties) = preSolution
		HideSolutionNode = FALSE
	EndGlobalSection
	GlobalSection(ExtensibilityGlobals) = postSolution
		SolutionGuid = {CB96D5D5-71D1-4EAB-BCBC-4391BF8059A6}
	EndGlobalSection
EndGlobal
